
Microsoft Visual Studio Solution File, Format Version 12.00
# Visual Studio Version 17
VisualStudioVersion = 17.9.34723.18
MinimumVisualStudioVersion = 10.0.40219.1
Project("{9A19103F-16F7-4668-BE54-9A1E7A4F7556}") = "Pina", "Pina\Pina.csproj", "{C2466F68-B0F2-4B95-858C-26BFC7562EBC}"
EndProject
Project("{FAE04EC0-301F-11D3-BF4B-00C04F79EFBC}") = "Demo", "Demo\Demo.csproj", "{8B87756B-D97A-419E-BC95-175EF4C73E87}"
EndProject
Global
	GlobalSection(SolutionConfigurationPlatforms) = preSolution
		Debug|Any CPU = Debug|Any CPU
		Release|Any CPU = Release|Any CPU
	EndGlobalSection
	GlobalSection(ProjectConfigurationPlatforms) = postSolution
		{C2466F68-B0F2-4B95-858C-26BFC7562EBC}.Debug|Any CPU.ActiveCfg = Debug|Any CPU
		{C2466F68-B0F2-4B95-858C-26BFC7562EBC}.Debug|Any CPU.Build.0 = Debug|Any CPU
		{C2466F68-B0F2-4B95-858C-26BFC7562EBC}.Release|Any CPU.ActiveCfg = Release|Any CPU
		{C2466F68-B0F2-4B95-858C-26BFC7562EBC}.Release|Any CPU.Build.0 = Release|Any CPU
		{8B87756B-D97A-419E-BC95-175EF4C73E87}.Debug|Any CPU.ActiveCfg = Debug|Any CPU
		{8B87756B-D97A-419E-BC95-175EF4C73E87}.Debug|Any CPU.Build.0 = Debug|Any CPU
		{8B87756B-D97A-419E-BC95-175EF4C73E87}.Release|Any CPU.ActiveCfg = Release|Any CPU
		{8B87756B-D97A-419E-BC95-175EF4C73E87}.Release|Any CPU.Build.0 = Release|Any CPU
	EndGlobalSection
	GlobalSection(SolutionProperties) = preSolution
		HideSolutionNode = FALSE
	EndGlobalSection
	GlobalSection(ExtensibilityGlobals) = postSolution
		SolutionGuid = {215C6CBB-8BFD-4BBD-B503-25766C78423B}
	EndGlobalSection
EndGlobal
